// !$*UTF8*$!
{
	archiveVersion = 1;
	classes = {
	};
	objectVersion = 56;
	objects = {

/* Begin PBXBuildFile section */
		577FFFADA9B1EA9C61D2D848 /* Pods_test_p_test_pUITests.framework in Frameworks */ = {isa = PBXBuildFile; fileRef = 1A9B0C763009DB778C91C80C /* Pods_test_p_test_pUITests.framework */; };
		5C7B211F216116DF47E81DCE /* Pods_test_p.framework in Frameworks */ = {isa = PBXBuildFile; fileRef = 934CF1E45978F8BD2781F21B /* Pods_test_p.framework */; };
		60A0F1E2290EBDA600CAFC6B /* AppDelegate.swift in Sources */ = {isa = PBXBuildFile; fileRef = 60A0F1E1290EBDA600CAFC6B /* AppDelegate.swift */; };
		60A0F1E4290EBDA600CAFC6B /* SceneDelegate.swift in Sources */ = {isa = PBXBuildFile; fileRef = 60A0F1E3290EBDA600CAFC6B /* SceneDelegate.swift */; };
		60A0F1E6290EBDA600CAFC6B /* ViewController.swift in Sources */ = {isa = PBXBuildFile; fileRef = 60A0F1E5290EBDA600CAFC6B /* ViewController.swift */; };
		60A0F1E9290EBDA600CAFC6B /* Main.storyboard in Resources */ = {isa = PBXBuildFile; fileRef = 60A0F1E7290EBDA600CAFC6B /* Main.storyboard */; };
		60A0F1EB290EBDA900CAFC6B /* Assets.xcassets in Resources */ = {isa = PBXBuildFile; fileRef = 60A0F1EA290EBDA900CAFC6B /* Assets.xcassets */; };
		60A0F1EE290EBDA900CAFC6B /* LaunchScreen.storyboard in Resources */ = {isa = PBXBuildFile; fileRef = 60A0F1EC290EBDA900CAFC6B /* LaunchScreen.storyboard */; };
		60A0F1F9290EBDA900CAFC6B /* test_pTests.swift in Sources */ = {isa = PBXBuildFile; fileRef = 60A0F1F8290EBDA900CAFC6B /* test_pTests.swift */; };
		60A0F203290EBDA900CAFC6B /* test_pUITests.swift in Sources */ = {isa = PBXBuildFile; fileRef = 60A0F202290EBDA900CAFC6B /* test_pUITests.swift */; };
		60A0F205290EBDA900CAFC6B /* test_pUITestsLaunchTests.swift in Sources */ = {isa = PBXBuildFile; fileRef = 60A0F204290EBDA900CAFC6B /* test_pUITestsLaunchTests.swift */; };
		F7B5048DFE0F61DB371983C8 /* Pods_test_pTests.framework in Frameworks */ = {isa = PBXBuildFile; fileRef = 6B7688723CEEA3182B5EF524 /* Pods_test_pTests.framework */; };
/* End PBXBuildFile section */

/* Begin PBXContainerItemProxy section */
		60A0F1F5290EBDA900CAFC6B /* PBXContainerItemProxy */ = {
			isa = PBXContainerItemProxy;
			containerPortal = 60A0F1D6290EBDA600CAFC6B /* Project object */;
			proxyType = 1;
			remoteGlobalIDString = 60A0F1DD290EBDA600CAFC6B;
			remoteInfo = "test-p";
		};
		60A0F1FF290EBDA900CAFC6B /* PBXContainerItemProxy */ = {
			isa = PBXContainerItemProxy;
			containerPortal = 60A0F1D6290EBDA600CAFC6B /* Project object */;
			proxyType = 1;
			remoteGlobalIDString = 60A0F1DD290EBDA600CAFC6B;
			remoteInfo = "test-p";
		};
/* End PBXContainerItemProxy section */

/* Begin PBXFileReference section */
		0CB54A56B975BB32301F15DD /* Pods-test-p-test-pUITests.debug.xcconfig */ = {isa = PBXFileReference; includeInIndex = 1; lastKnownFileType = text.xcconfig; name = "Pods-test-p-test-pUITests.debug.xcconfig"; path = "Target Support Files/Pods-test-p-test-pUITests/Pods-test-p-test-pUITests.debug.xcconfig"; sourceTree = "<group>"; };
		0E47A77C6D4164FEFC477E92 /* Pods-test-p.release.xcconfig */ = {isa = PBXFileReference; includeInIndex = 1; lastKnownFileType = text.xcconfig; name = "Pods-test-p.release.xcconfig"; path = "Target Support Files/Pods-test-p/Pods-test-p.release.xcconfig"; sourceTree = "<group>"; };
		17F111724E9113172821D852 /* Pods-test-p.debug.xcconfig */ = {isa = PBXFileReference; includeInIndex = 1; lastKnownFileType = text.xcconfig; name = "Pods-test-p.debug.xcconfig"; path = "Target Support Files/Pods-test-p/Pods-test-p.debug.xcconfig"; sourceTree = "<group>"; };
		1A9B0C763009DB778C91C80C /* Pods_test_p_test_pUITests.framework */ = {isa = PBXFileReference; explicitFileType = wrapper.framework; includeInIndex = 0; path = Pods_test_p_test_pUITests.framework; sourceTree = BUILT_PRODUCTS_DIR; };
		3F5A4B5F29D6D2A466040EFF /* Pods-test-pTests.release.xcconfig */ = {isa = PBXFileReference; includeInIndex = 1; lastKnownFileType = text.xcconfig; name = "Pods-test-pTests.release.xcconfig"; path = "Target Support Files/Pods-test-pTests/Pods-test-pTests.release.xcconfig"; sourceTree = "<group>"; };
		57283EE9F30CF153DA01146D /* Pods-test-p-test-pUITests.release.xcconfig */ = {isa = PBXFileReference; includeInIndex = 1; lastKnownFileType = text.xcconfig; name = "Pods-test-p-test-pUITests.release.xcconfig"; path = "Target Support Files/Pods-test-p-test-pUITests/Pods-test-p-test-pUITests.release.xcconfig"; sourceTree = "<group>"; };
		60A0F1DE290EBDA600CAFC6B /* test-p.app */ = {isa = PBXFileReference; explicitFileType = wrapper.application; includeInIndex = 0; path = "test-p.app"; sourceTree = BUILT_PRODUCTS_DIR; };
		60A0F1E1290EBDA600CAFC6B /* AppDelegate.swift */ = {isa = PBXFileReference; lastKnownFileType = sourcecode.swift; path = AppDelegate.swift; sourceTree = "<group>"; };
		60A0F1E3290EBDA600CAFC6B /* SceneDelegate.swift */ = {isa = PBXFileReference; lastKnownFileType = sourcecode.swift; path = SceneDelegate.swift; sourceTree = "<group>"; };
		60A0F1E5290EBDA600CAFC6B /* ViewController.swift */ = {isa = PBXFileReference; lastKnownFileType = sourcecode.swift; path = ViewController.swift; sourceTree = "<group>"; };
		60A0F1E8290EBDA600CAFC6B /* Base */ = {isa = PBXFileReference; lastKnownFileType = file.storyboard; name = Base; path = Base.lproj/Main.storyboard; sourceTree = "<group>"; };
		60A0F1EA290EBDA900CAFC6B /* Assets.xcassets */ = {isa = PBXFileReference; lastKnownFileType = folder.assetcatalog; path = Assets.xcassets; sourceTree = "<group>"; };
		60A0F1ED290EBDA900CAFC6B /* Base */ = {isa = PBXFileReference; lastKnownFileType = file.storyboard; name = Base; path = Base.lproj/LaunchScreen.storyboard; sourceTree = "<group>"; };
		60A0F1EF290EBDA900CAFC6B /* Info.plist */ = {isa = PBXFileReference; lastKnownFileType = text.plist.xml; path = Info.plist; sourceTree = "<group>"; };
		60A0F1F4290EBDA900CAFC6B /* test-pTests.xctest */ = {isa = PBXFileReference; explicitFileType = wrapper.cfbundle; includeInIndex = 0; path = "test-pTests.xctest"; sourceTree = BUILT_PRODUCTS_DIR; };
		60A0F1F8290EBDA900CAFC6B /* test_pTests.swift */ = {isa = PBXFileReference; lastKnownFileType = sourcecode.swift; path = test_pTests.swift; sourceTree = "<group>"; };
		60A0F1FE290EBDA900CAFC6B /* test-pUITests.xctest */ = {isa = PBXFileReference; explicitFileType = wrapper.cfbundle; includeInIndex = 0; path = "test-pUITests.xctest"; sourceTree = BUILT_PRODUCTS_DIR; };
		60A0F202290EBDA900CAFC6B /* test_pUITests.swift */ = {isa = PBXFileReference; lastKnownFileType = sourcecode.swift; path = test_pUITests.swift; sourceTree = "<group>"; };
		60A0F204290EBDA900CAFC6B /* test_pUITestsLaunchTests.swift */ = {isa = PBXFileReference; lastKnownFileType = sourcecode.swift; path = test_pUITestsLaunchTests.swift; sourceTree = "<group>"; };
		6B7688723CEEA3182B5EF524 /* Pods_test_pTests.framework */ = {isa = PBXFileReference; explicitFileType = wrapper.framework; includeInIndex = 0; path = Pods_test_pTests.framework; sourceTree = BUILT_PRODUCTS_DIR; };
		934CF1E45978F8BD2781F21B /* Pods_test_p.framework */ = {isa = PBXFileReference; explicitFileType = wrapper.framework; includeInIndex = 0; path = Pods_test_p.framework; sourceTree = BUILT_PRODUCTS_DIR; };
		A91AA4AFBF7DBECDA92D7BFA /* Pods-test-pTests.debug.xcconfig */ = {isa = PBXFileReference; includeInIndex = 1; lastKnownFileType = text.xcconfig; name = "Pods-test-pTests.debug.xcconfig"; path = "Target Support Files/Pods-test-pTests/Pods-test-pTests.debug.xcconfig"; sourceTree = "<group>"; };
/* End PBXFileReference section */

/* Begin PBXFrameworksBuildPhase section */
		60A0F1DB290EBDA600CAFC6B /* Frameworks */ = {
			isa = PBXFrameworksBuildPhase;
			buildActionMask = 2147483647;
			files = (
				5C7B211F216116DF47E81DCE /* Pods_test_p.framework in Frameworks */,
			);
			runOnlyForDeploymentPostprocessing = 0;
		};
		60A0F1F1290EBDA900CAFC6B /* Frameworks */ = {
			isa = PBXFrameworksBuildPhase;
			buildActionMask = 2147483647;
			files = (
				F7B5048DFE0F61DB371983C8 /* Pods_test_pTests.framework in Frameworks */,
			);
			runOnlyForDeploymentPostprocessing = 0;
		};
		60A0F1FB290EBDA900CAFC6B /* Frameworks */ = {
			isa = PBXFrameworksBuildPhase;
			buildActionMask = 2147483647;
			files = (
				577FFFADA9B1EA9C61D2D848 /* Pods_test_p_test_pUITests.framework in Frameworks */,
			);
			runOnlyForDeploymentPostprocessing = 0;
		};
/* End PBXFrameworksBuildPhase section */

/* Begin PBXGroup section */
		09D4D2E099A5A167010ED29F /* Frameworks */ = {
			isa = PBXGroup;
			children = (
				934CF1E45978F8BD2781F21B /* Pods_test_p.framework */,
				1A9B0C763009DB778C91C80C /* Pods_test_p_test_pUITests.framework */,
				6B7688723CEEA3182B5EF524 /* Pods_test_pTests.framework */,
			);
			name = Frameworks;
			sourceTree = "<group>";
		};
		203A5A6E75324AD461CDB7EB /* Pods */ = {
			isa = PBXGroup;
			children = (
				17F111724E9113172821D852 /* Pods-test-p.debug.xcconfig */,
				0E47A77C6D4164FEFC477E92 /* Pods-test-p.release.xcconfig */,
				0CB54A56B975BB32301F15DD /* Pods-test-p-test-pUITests.debug.xcconfig */,
				57283EE9F30CF153DA01146D /* Pods-test-p-test-pUITests.release.xcconfig */,
				A91AA4AFBF7DBECDA92D7BFA /* Pods-test-pTests.debug.xcconfig */,
				3F5A4B5F29D6D2A466040EFF /* Pods-test-pTests.release.xcconfig */,
			);
			name = Pods;
			path = Pods;
			sourceTree = "<group>";
		};
		60A0F1D5290EBDA600CAFC6B = {
			isa = PBXGroup;
			children = (
				60A0F1E0290EBDA600CAFC6B /* test-p */,
				60A0F1F7290EBDA900CAFC6B /* test-pTests */,
				60A0F201290EBDA900CAFC6B /* test-pUITests */,
				60A0F1DF290EBDA600CAFC6B /* Products */,
				203A5A6E75324AD461CDB7EB /* Pods */,
				09D4D2E099A5A167010ED29F /* Frameworks */,
			);
			sourceTree = "<group>";
		};
		60A0F1DF290EBDA600CAFC6B /* Products */ = {
			isa = PBXGroup;
			children = (
				60A0F1DE290EBDA600CAFC6B /* test-p.app */,
				60A0F1F4290EBDA900CAFC6B /* test-pTests.xctest */,
				60A0F1FE290EBDA900CAFC6B /* test-pUITests.xctest */,
			);
			name = Products;
			sourceTree = "<group>";
		};
		60A0F1E0290EBDA600CAFC6B /* test-p */ = {
			isa = PBXGroup;
			children = (
				60A0F1E1290EBDA600CAFC6B /* AppDelegate.swift */,
				60A0F1E3290EBDA600CAFC6B /* SceneDelegate.swift */,
				60A0F1E5290EBDA600CAFC6B /* ViewController.swift */,
				60A0F1E7290EBDA600CAFC6B /* Main.storyboard */,
				60A0F1EA290EBDA900CAFC6B /* Assets.xcassets */,
				60A0F1EC290EBDA900CAFC6B /* LaunchScreen.storyboard */,
				60A0F1EF290EBDA900CAFC6B /* Info.plist */,
			);
			path = "test-p";
			sourceTree = "<group>";
		};
		60A0F1F7290EBDA900CAFC6B /* test-pTests */ = {
			isa = PBXGroup;
			children = (
				60A0F1F8290EBDA900CAFC6B /* test_pTests.swift */,
			);
			path = "test-pTests";
			sourceTree = "<group>";
		};
		60A0F201290EBDA900CAFC6B /* test-pUITests */ = {
			isa = PBXGroup;
			children = (
				60A0F202290EBDA900CAFC6B /* test_pUITests.swift */,
				60A0F204290EBDA900CAFC6B /* test_pUITestsLaunchTests.swift */,
			);
			path = "test-pUITests";
			sourceTree = "<group>";
		};
/* End PBXGroup section */

/* Begin PBXNativeTarget section */
		60A0F1DD290EBDA600CAFC6B /* test-p */ = {
			isa = PBXNativeTarget;
			buildConfigurationList = 60A0F208290EBDA900CAFC6B /* Build configuration list for PBXNativeTarget "test-p" */;
			buildPhases = (
				70ED30DC0426DA5B6544EB9C /* [CP] Check Pods Manifest.lock */,
				60A0F1DA290EBDA600CAFC6B /* Sources */,
				60A0F1DB290EBDA600CAFC6B /* Frameworks */,
				60A0F1DC290EBDA600CAFC6B /* Resources */,
				258B75ECFE617757D8F0085F /* [CP] Embed Pods Frameworks */,
			);
			buildRules = (
			);
			dependencies = (
			);
			name = "test-p";
			productName = "test-p";
			productReference = 60A0F1DE290EBDA600CAFC6B /* test-p.app */;
			productType = "com.apple.product-type.application";
		};
		60A0F1F3290EBDA900CAFC6B /* test-pTests */ = {
			isa = PBXNativeTarget;
			buildConfigurationList = 60A0F20B290EBDA900CAFC6B /* Build configuration list for PBXNativeTarget "test-pTests" */;
			buildPhases = (
				D0DD958328E07D378AA6E76B /* [CP] Check Pods Manifest.lock */,
				60A0F1F0290EBDA900CAFC6B /* Sources */,
				60A0F1F1290EBDA900CAFC6B /* Frameworks */,
				60A0F1F2290EBDA900CAFC6B /* Resources */,
			);
			buildRules = (
			);
			dependencies = (
				60A0F1F6290EBDA900CAFC6B /* PBXTargetDependency */,
			);
			name = "test-pTests";
			productName = "test-pTests";
			productReference = 60A0F1F4290EBDA900CAFC6B /* test-pTests.xctest */;
			productType = "com.apple.product-type.bundle.unit-test";
		};
		60A0F1FD290EBDA900CAFC6B /* test-pUITests */ = {
			isa = PBXNativeTarget;
			buildConfigurationList = 60A0F20E290EBDA900CAFC6B /* Build configuration list for PBXNativeTarget "test-pUITests" */;
			buildPhases = (
				06070508DD9CFB81AF1D2616 /* [CP] Check Pods Manifest.lock */,
				60A0F1FA290EBDA900CAFC6B /* Sources */,
				60A0F1FB290EBDA900CAFC6B /* Frameworks */,
				60A0F1FC290EBDA900CAFC6B /* Resources */,
				DC58F04BE8F044BC325F5940 /* [CP] Embed Pods Frameworks */,
			);
			buildRules = (
			);
			dependencies = (
				60A0F200290EBDA900CAFC6B /* PBXTargetDependency */,
			);
			name = "test-pUITests";
			productName = "test-pUITests";
			productReference = 60A0F1FE290EBDA900CAFC6B /* test-pUITests.xctest */;
			productType = "com.apple.product-type.bundle.ui-testing";
		};
/* End PBXNativeTarget section */

/* Begin PBXProject section */
		60A0F1D6290EBDA600CAFC6B /* Project object */ = {
			isa = PBXProject;
			attributes = {
				BuildIndependentTargetsInParallel = 1;
				LastSwiftUpdateCheck = 1400;
				LastUpgradeCheck = 1400;
				TargetAttributes = {
					60A0F1DD290EBDA600CAFC6B = {
						CreatedOnToolsVersion = 14.0;
					};
					60A0F1F3290EBDA900CAFC6B = {
						CreatedOnToolsVersion = 14.0;
						TestTargetID = 60A0F1DD290EBDA600CAFC6B;
					};
					60A0F1FD290EBDA900CAFC6B = {
						CreatedOnToolsVersion = 14.0;
						TestTargetID = 60A0F1DD290EBDA600CAFC6B;
					};
				};
			};
			buildConfigurationList = 60A0F1D9290EBDA600CAFC6B /* Build configuration list for PBXProject "test-p" */;
			compatibilityVersion = "Xcode 14.0";
			developmentRegion = en;
			hasScannedForEncodings = 0;
			knownRegions = (
				en,
				Base,
			);
			mainGroup = 60A0F1D5290EBDA600CAFC6B;
			productRefGroup = 60A0F1DF290EBDA600CAFC6B /* Products */;
			projectDirPath = "";
			projectRoot = "";
			targets = (
				60A0F1DD290EBDA600CAFC6B /* test-p */,
				60A0F1F3290EBDA900CAFC6B /* test-pTests */,
				60A0F1FD290EBDA900CAFC6B /* test-pUITests */,
			);
		};
/* End PBXProject section */

/* Begin PBXResourcesBuildPhase section */
		60A0F1DC290EBDA600CAFC6B /* Resources */ = {
			isa = PBXResourcesBuildPhase;
			buildActionMask = 2147483647;
			files = (
				60A0F1EE290EBDA900CAFC6B /* LaunchScreen.storyboard in Resources */,
				60A0F1EB290EBDA900CAFC6B /* Assets.xcassets in Resources */,
				60A0F1E9290EBDA600CAFC6B /* Main.storyboard in Resources */,
			);
			runOnlyForDeploymentPostprocessing = 0;
		};
		60A0F1F2290EBDA900CAFC6B /* Resources */ = {
			isa = PBXResourcesBuildPhase;
			buildActionMask = 2147483647;
			files = (
			);
			runOnlyForDeploymentPostprocessing = 0;
		};
		60A0F1FC290EBDA900CAFC6B /* Resources */ = {
			isa = PBXResourcesBuildPhase;
			buildActionMask = 2147483647;
			files = (
			);
			runOnlyForDeploymentPostprocessing = 0;
		};
/* End PBXResourcesBuildPhase section */

/* Begin PBXShellScriptBuildPhase section */
		06070508DD9CFB81AF1D2616 /* [CP] Check Pods Manifest.lock */ = {
			isa = PBXShellScriptBuildPhase;
			buildActionMask = 2147483647;
			files = (
			);
			inputFileListPaths = (
			);
			inputPaths = (
				"${PODS_PODFILE_DIR_PATH}/Podfile.lock",
				"${PODS_ROOT}/Manifest.lock",
			);
			name = "[CP] Check Pods Manifest.lock";
			outputFileListPaths = (
			);
			outputPaths = (
				"$(DERIVED_FILE_DIR)/Pods-test-p-test-pUITests-checkManifestLockResult.txt",
			);
			runOnlyForDeploymentPostprocessing = 0;
			shellPath = /bin/sh;
			shellScript = "diff \"${PODS_PODFILE_DIR_PATH}/Podfile.lock\" \"${PODS_ROOT}/Manifest.lock\" > /dev/null\nif [ $? != 0 ] ; then\n    # print error to STDERR\n    echo \"error: The sandbox is not in sync with the Podfile.lock. Run 'pod install' or update your CocoaPods installation.\" >&2\n    exit 1\nfi\n# This output is used by Xcode 'outputs' to avoid re-running this script phase.\necho \"SUCCESS\" > \"${SCRIPT_OUTPUT_FILE_0}\"\n";
			showEnvVarsInLog = 0;
		};
		258B75ECFE617757D8F0085F /* [CP] Embed Pods Frameworks */ = {
			isa = PBXShellScriptBuildPhase;
			buildActionMask = 2147483647;
			files = (
			);
			inputFileListPaths = (
				"${PODS_ROOT}/Target Support Files/Pods-test-p/Pods-test-p-frameworks-${CONFIGURATION}-input-files.xcfilelist",
			);
			name = "[CP] Embed Pods Frameworks";
			outputFileListPaths = (
				"${PODS_ROOT}/Target Support Files/Pods-test-p/Pods-test-p-frameworks-${CONFIGURATION}-output-files.xcfilelist",
			);
			runOnlyForDeploymentPostprocessing = 0;
			shellPath = /bin/sh;
			shellScript = "\"${PODS_ROOT}/Target Support Files/Pods-test-p/Pods-test-p-frameworks.sh\"\n";
			showEnvVarsInLog = 0;
		};
		70ED30DC0426DA5B6544EB9C /* [CP] Check Pods Manifest.lock */ = {
			isa = PBXShellScriptBuildPhase;
			buildActionMask = 2147483647;
			files = (
			);
			inputFileListPaths = (
			);
			inputPaths = (
				"${PODS_PODFILE_DIR_PATH}/Podfile.lock",
				"${PODS_ROOT}/Manifest.lock",
			);
			name = "[CP] Check Pods Manifest.lock";
			outputFileListPaths = (
			);
			outputPaths = (
				"$(DERIVED_FILE_DIR)/Pods-test-p-checkManifestLockResult.txt",
			);
			runOnlyForDeploymentPostprocessing = 0;
			shellPath = /bin/sh;
			shellScript = "diff \"${PODS_PODFILE_DIR_PATH}/Podfile.lock\" \"${PODS_ROOT}/Manifest.lock\" > /dev/null\nif [ $? != 0 ] ; then\n    # print error to STDERR\n    echo \"error: The sandbox is not in sync with the Podfile.lock. Run 'pod install' or update your CocoaPods installation.\" >&2\n    exit 1\nfi\n# This output is used by Xcode 'outputs' to avoid re-running this script phase.\necho \"SUCCESS\" > \"${SCRIPT_OUTPUT_FILE_0}\"\n";
			showEnvVarsInLog = 0;
		};
		D0DD958328E07D378AA6E76B /* [CP] Check Pods Manifest.lock */ = {
			isa = PBXShellScriptBuildPhase;
			buildActionMask = 2147483647;
			files = (
			);
			inputFileListPaths = (
			);
			inputPaths = (
				"${PODS_PODFILE_DIR_PATH}/Podfile.lock",
				"${PODS_ROOT}/Manifest.lock",
			);
			name = "[CP] Check Pods Manifest.lock";
			outputFileListPaths = (
			);
			outputPaths = (
				"$(DERIVED_FILE_DIR)/Pods-test-pTests-checkManifestLockResult.txt",
			);
			runOnlyForDeploymentPostprocessing = 0;
			shellPath = /bin/sh;
			shellScript = "diff \"${PODS_PODFILE_DIR_PATH}/Podfile.lock\" \"${PODS_ROOT}/Manifest.lock\" > /dev/null\nif [ $? != 0 ] ; then\n    # print error to STDERR\n    echo \"error: The sandbox is not in sync with the Podfile.lock. Run 'pod install' or update your CocoaPods installation.\" >&2\n    exit 1\nfi\n# This output is used by Xcode 'outputs' to avoid re-running this script phase.\necho \"SUCCESS\" > \"${SCRIPT_OUTPUT_FILE_0}\"\n";
			showEnvVarsInLog = 0;
		};
		DC58F04BE8F044BC325F5940 /* [CP] Embed Pods Frameworks */ = {
			isa = PBXShellScriptBuildPhase;
			buildActionMask = 2147483647;
			files = (
			);
			inputFileListPaths = (
				"${PODS_ROOT}/Target Support Files/Pods-test-p-test-pUITests/Pods-test-p-test-pUITests-frameworks-${CONFIGURATION}-input-files.xcfilelist",
			);
			name = "[CP] Embed Pods Frameworks";
			outputFileListPaths = (
				"${PODS_ROOT}/Target Support Files/Pods-test-p-test-pUITests/Pods-test-p-test-pUITests-frameworks-${CONFIGURATION}-output-files.xcfilelist",
			);
			runOnlyForDeploymentPostprocessing = 0;
			shellPath = /bin/sh;
			shellScript = "\"${PODS_ROOT}/Target Support Files/Pods-test-p-test-pUITests/Pods-test-p-test-pUITests-frameworks.sh\"\n";
			showEnvVarsInLog = 0;
		};
/* End PBXShellScriptBuildPhase section */

/* Begin PBXSourcesBuildPhase section */
		60A0F1DA290EBDA600CAFC6B /* Sources */ = {
			isa = PBXSourcesBuildPhase;
			buildActionMask = 2147483647;
			files = (
				60A0F1E6290EBDA600CAFC6B /* ViewController.swift in Sources */,
				60A0F1E2290EBDA600CAFC6B /* AppDelegate.swift in Sources */,
				60A0F1E4290EBDA600CAFC6B /* SceneDelegate.swift in Sources */,
			);
			runOnlyForDeploymentPostprocessing = 0;
		};
		60A0F1F0290EBDA900CAFC6B /* Sources */ = {
			isa = PBXSourcesBuildPhase;
			buildActionMask = 2147483647;
			files = (
				60A0F1F9290EBDA900CAFC6B /* test_pTests.swift in Sources */,
			);
			runOnlyForDeploymentPostprocessing = 0;
		};
		60A0F1FA290EBDA900CAFC6B /* Sources */ = {
			isa = PBXSourcesBuildPhase;
			buildActionMask = 2147483647;
			files = (
				60A0F203290EBDA900CAFC6B /* test_pUITests.swift in Sources */,
				60A0F205290EBDA900CAFC6B /* test_pUITestsLaunchTests.swift in Sources */,
			);
			runOnlyForDeploymentPostprocessing = 0;
		};
/* End PBXSourcesBuildPhase section */

/* Begin PBXTargetDependency section */
		60A0F1F6290EBDA900CAFC6B /* PBXTargetDependency */ = {
			isa = PBXTargetDependency;
			target = 60A0F1DD290EBDA600CAFC6B /* test-p */;
			targetProxy = 60A0F1F5290EBDA900CAFC6B /* PBXContainerItemProxy */;
		};
		60A0F200290EBDA900CAFC6B /* PBXTargetDependency */ = {
			isa = PBXTargetDependency;
			target = 60A0F1DD290EBDA600CAFC6B /* test-p */;
			targetProxy = 60A0F1FF290EBDA900CAFC6B /* PBXContainerItemProxy */;
		};
/* End PBXTargetDependency section */

/* Begin PBXVariantGroup section */
		60A0F1E7290EBDA600CAFC6B /* Main.storyboard */ = {
			isa = PBXVariantGroup;
			children = (
				60A0F1E8290EBDA600CAFC6B /* Base */,
			);
			name = Main.storyboard;
			sourceTree = "<group>";
		};
		60A0F1EC290EBDA900CAFC6B /* LaunchScreen.storyboard */ = {
			isa = PBXVariantGroup;
			children = (
				60A0F1ED290EBDA900CAFC6B /* Base */,
			);
			name = LaunchScreen.storyboard;
			sourceTree = "<group>";
		};
/* End PBXVariantGroup section */

/* Begin XCBuildConfiguration section */
		60A0F206290EBDA900CAFC6B /* Debug */ = {
			isa = XCBuildConfiguration;
			buildSettings = {
				ALWAYS_SEARCH_USER_PATHS = NO;
				CLANG_ANALYZER_NONNULL = YES;
				CLANG_ANALYZER_NUMBER_OBJECT_CONVERSION = YES_AGGRESSIVE;
				CLANG_CXX_LANGUAGE_STANDARD = "gnu++20";
				CLANG_ENABLE_MODULES = YES;
				CLANG_ENABLE_OBJC_ARC = YES;
				CLANG_ENABLE_OBJC_WEAK = YES;
				CLANG_WARN_BLOCK_CAPTURE_AUTORELEASING = YES;
				CLANG_WARN_BOOL_CONVERSION = YES;
				CLANG_WARN_COMMA = YES;
				CLANG_WARN_CONSTANT_CONVERSION = YES;
				CLANG_WARN_DEPRECATED_OBJC_IMPLEMENTATIONS = YES;
				CLANG_WARN_DIRECT_OBJC_ISA_USAGE = YES_ERROR;
				CLANG_WARN_DOCUMENTATION_COMMENTS = YES;
				CLANG_WARN_EMPTY_BODY = YES;
				CLANG_WARN_ENUM_CONVERSION = YES;
				CLANG_WARN_INFINITE_RECURSION = YES;
				CLANG_WARN_INT_CONVERSION = YES;
				CLANG_WARN_NON_LITERAL_NULL_CONVERSION = YES;
				CLANG_WARN_OBJC_IMPLICIT_RETAIN_SELF = YES;
				CLANG_WARN_OBJC_LITERAL_CONVERSION = YES;
				CLANG_WARN_OBJC_ROOT_CLASS = YES_ERROR;
				CLANG_WARN_QUOTED_INCLUDE_IN_FRAMEWORK_HEADER = YES;
				CLANG_WARN_RANGE_LOOP_ANALYSIS = YES;
				CLANG_WARN_STRICT_PROTOTYPES = YES;
				CLANG_WARN_SUSPICIOUS_MOVE = YES;
				CLANG_WARN_UNGUARDED_AVAILABILITY = YES_AGGRESSIVE;
				CLANG_WARN_UNREACHABLE_CODE = YES;
				CLANG_WARN__DUPLICATE_METHOD_MATCH = YES;
				COPY_PHASE_STRIP = NO;
				DEBUG_INFORMATION_FORMAT = dwarf;
				ENABLE_STRICT_OBJC_MSGSEND = YES;
				ENABLE_TESTABILITY = YES;
				GCC_C_LANGUAGE_STANDARD = gnu11;
				GCC_DYNAMIC_NO_PIC = NO;
				GCC_NO_COMMON_BLOCKS = YES;
				GCC_OPTIMIZATION_LEVEL = 0;
				GCC_PREPROCESSOR_DEFINITIONS = (
					"DEBUG=1",
					"$(inherited)",
				);
				GCC_WARN_64_TO_32_BIT_CONVERSION = YES;
				GCC_WARN_ABOUT_RETURN_TYPE = YES_ERROR;
				GCC_WARN_UNDECLARED_SELECTOR = YES;
				GCC_WARN_UNINITIALIZED_AUTOS = YES_AGGRESSIVE;
				GCC_WARN_UNUSED_FUNCTION = YES;
				GCC_WARN_UNUSED_VARIABLE = YES;
				IPHONEOS_DEPLOYMENT_TARGET = 16.0;
				MTL_ENABLE_DEBUG_INFO = INCLUDE_SOURCE;
				MTL_FAST_MATH = YES;
				ONLY_ACTIVE_ARCH = YES;
				SDKROOT = iphoneos;
				SWIFT_ACTIVE_COMPILATION_CONDITIONS = DEBUG;
				SWIFT_OPTIMIZATION_LEVEL = "-Onone";
			};
			name = Debug;
		};
		60A0F207290EBDA900CAFC6B /* Release */ = {
			isa = XCBuildConfiguration;
			buildSettings = {
				ALWAYS_SEARCH_USER_PATHS = NO;
				CLANG_ANALYZER_NONNULL = YES;
				CLANG_ANALYZER_NUMBER_OBJECT_CONVERSION = YES_AGGRESSIVE;
				CLANG_CXX_LANGUAGE_STANDARD = "gnu++20";
				CLANG_ENABLE_MODULES = YES;
				CLANG_ENABLE_OBJC_ARC = YES;
				CLANG_ENABLE_OBJC_WEAK = YES;
				CLANG_WARN_BLOCK_CAPTURE_AUTORELEASING = YES;
				CLANG_WARN_BOOL_CONVERSION = YES;
				CLANG_WARN_COMMA = YES;
				CLANG_WARN_CONSTANT_CONVERSION = YES;
				CLANG_WARN_DEPRECATED_OBJC_IMPLEMENTATIONS = YES;
				CLANG_WARN_DIRECT_OBJC_ISA_USAGE = YES_ERROR;
				CLANG_WARN_DOCUMENTATION_COMMENTS = YES;
				CLANG_WARN_EMPTY_BODY = YES;
				CLANG_WARN_ENUM_CONVERSION = YES;
				CLANG_WARN_INFINITE_RECURSION = YES;
				CLANG_WARN_INT_CONVERSION = YES;
				CLANG_WARN_NON_LITERAL_NULL_CONVERSION = YES;
				CLANG_WARN_OBJC_IMPLICIT_RETAIN_SELF = YES;
				CLANG_WARN_OBJC_LITERAL_CONVERSION = YES;
				CLANG_WARN_OBJC_ROOT_CLASS = YES_ERROR;
				CLANG_WARN_QUOTED_INCLUDE_IN_FRAMEWORK_HEADER = YES;
				CLANG_WARN_RANGE_LOOP_ANALYSIS = YES;
				CLANG_WARN_STRICT_PROTOTYPES = YES;
				CLANG_WARN_SUSPICIOUS_MOVE = YES;
				CLANG_WARN_UNGUARDED_AVAILABILITY = YES_AGGRESSIVE;
				CLANG_WARN_UNREACHABLE_CODE = YES;
				CLANG_WARN__DUPLICATE_METHOD_MATCH = YES;
				COPY_PHASE_STRIP = NO;
				DEBUG_INFORMATION_FORMAT = "dwarf-with-dsym";
				ENABLE_NS_ASSERTIONS = NO;
				ENABLE_STRICT_OBJC_MSGSEND = YES;
				GCC_C_LANGUAGE_STANDARD = gnu11;
				GCC_NO_COMMON_BLOCKS = YES;
				GCC_WARN_64_TO_32_BIT_CONVERSION = YES;
				GCC_WARN_ABOUT_RETURN_TYPE = YES_ERROR;
				GCC_WARN_UNDECLARED_SELECTOR = YES;
				GCC_WARN_UNINITIALIZED_AUTOS = YES_AGGRESSIVE;
				GCC_WARN_UNUSED_FUNCTION = YES;
				GCC_WARN_UNUSED_VARIABLE = YES;
				IPHONEOS_DEPLOYMENT_TARGET = 16.0;
				MTL_ENABLE_DEBUG_INFO = NO;
				MTL_FAST_MATH = YES;
				SDKROOT = iphoneos;
				SWIFT_COMPILATION_MODE = wholemodule;
				SWIFT_OPTIMIZATION_LEVEL = "-O";
				VALIDATE_PRODUCT = YES;
			};
			name = Release;
		};
		60A0F209290EBDA900CAFC6B /* Debug */ = {
			isa = XCBuildConfiguration;
			baseConfigurationReference = 17F111724E9113172821D852 /* Pods-test-p.debug.xcconfig */;
			buildSettings = {
				ASSETCATALOG_COMPILER_APPICON_NAME = AppIcon;
				ASSETCATALOG_COMPILER_GLOBAL_ACCENT_COLOR_NAME = AccentColor;
				CODE_SIGN_STYLE = Automatic;
				CURRENT_PROJECT_VERSION = 1;
				GENERATE_INFOPLIST_FILE = YES;
				INFOPLIST_FILE = "test-p/Info.plist";
				INFOPLIST_KEY_UIApplicationSupportsIndirectInputEvents = YES;
				INFOPLIST_KEY_UILaunchStoryboardName = LaunchScreen;
				INFOPLIST_KEY_UIMainStoryboardFile = Main;
				INFOPLIST_KEY_UISupportedInterfaceOrientations_iPad = "UIInterfaceOrientationPortrait UIInterfaceOrientationPortraitUpsideDown UIInterfaceOrientationLandscapeLeft UIInterfaceOrientationLandscapeRight";
				INFOPLIST_KEY_UISupportedInterfaceOrientations_iPhone = "UIInterfaceOrientationPortrait UIInterfaceOrientationLandscapeLeft UIInterfaceOrientationLandscapeRight";
				LD_RUNPATH_SEARCH_PATHS = (
					"$(inherited)",
					"@executable_path/Frameworks",
				);
				MARKETING_VERSION = 1.0;
				PRODUCT_BUNDLE_IDENTIFIER = "test.test-p";
				PRODUCT_NAME = "$(TARGET_NAME)";
				SWIFT_EMIT_LOC_STRINGS = YES;
				SWIFT_VERSION = 5.0;
				TARGETED_DEVICE_FAMILY = "1,2";
			};
			name = Debug;
		};
		60A0F20A290EBDA900CAFC6B /* Release */ = {
			isa = XCBuildConfiguration;
			baseConfigurationReference = 0E47A77C6D4164FEFC477E92 /* Pods-test-p.release.xcconfig */;
			buildSettings = {
				ASSETCATALOG_COMPILER_APPICON_NAME = AppIcon;
				ASSETCATALOG_COMPILER_GLOBAL_ACCENT_COLOR_NAME = AccentColor;
				CODE_SIGN_STYLE = Automatic;
				CURRENT_PROJECT_VERSION = 1;
				GENERATE_INFOPLIST_FILE = YES;
				INFOPLIST_FILE = "test-p/Info.plist";
				INFOPLIST_KEY_UIApplicationSupportsIndirectInputEvents = YES;
				INFOPLIST_KEY_UILaunchStoryboardName = LaunchScreen;
				INFOPLIST_KEY_UIMainStoryboardFile = Main;
				INFOPLIST_KEY_UISupportedInterfaceOrientations_iPad = "UIInterfaceOrientationPortrait UIInterfaceOrientationPortraitUpsideDown UIInterfaceOrientationLandscapeLeft UIInterfaceOrientationLandscapeRight";
				INFOPLIST_KEY_UISupportedInterfaceOrientations_iPhone = "UIInterfaceOrientationPortrait UIInterfaceOrientationLandscapeLeft UIInterfaceOrientationLandscapeRight";
				LD_RUNPATH_SEARCH_PATHS = (
					"$(inherited)",
					"@executable_path/Frameworks",
				);
				MARKETING_VERSION = 1.0;
				PRODUCT_BUNDLE_IDENTIFIER = "test.test-p";
				PRODUCT_NAME = "$(TARGET_NAME)";
				SWIFT_EMIT_LOC_STRINGS = YES;
				SWIFT_VERSION = 5.0;
				TARGETED_DEVICE_FAMILY = "1,2";
			};
			name = Release;
		};
		60A0F20C290EBDA900CAFC6B /* Debug */ = {
			isa = XCBuildConfiguration;
			baseConfigurationReference = A91AA4AFBF7DBECDA92D7BFA /* Pods-test-pTests.debug.xcconfig */;
			buildSettings = {
				ALWAYS_EMBED_SWIFT_STANDARD_LIBRARIES = YES;
				BUNDLE_LOADER = "$(TEST_HOST)";
				CODE_SIGN_STYLE = Automatic;
				CURRENT_PROJECT_VERSION = 1;
				GENERATE_INFOPLIST_FILE = YES;
				IPHONEOS_DEPLOYMENT_TARGET = 16.0;
				MARKETING_VERSION = 1.0;
				PRODUCT_BUNDLE_IDENTIFIER = "test.test-pTests";
				PRODUCT_NAME = "$(TARGET_NAME)";
				SWIFT_EMIT_LOC_STRINGS = NO;
				SWIFT_VERSION = 5.0;
				TARGETED_DEVICE_FAMILY = "1,2";
				TEST_HOST = "$(BUILT_PRODUCTS_DIR)/test-p.app/$(BUNDLE_EXECUTABLE_FOLDER_PATH)/test-p";
			};
			name = Debug;
		};
		60A0F20D290EBDA900CAFC6B /* Release */ = {
			isa = XCBuildConfiguration;
			baseConfigurationReference = 3F5A4B5F29D6D2A466040EFF /* Pods-test-pTests.release.xcconfig */;
			buildSettings = {
				ALWAYS_EMBED_SWIFT_STANDARD_LIBRARIES = YES;
				BUNDLE_LOADER = "$(TEST_HOST)";
				CODE_SIGN_STYLE = Automatic;
				CURRENT_PROJECT_VERSION = 1;
				GENERATE_INFOPLIST_FILE = YES;
				IPHONEOS_DEPLOYMENT_TARGET = 16.0;
				MARKETING_VERSION = 1.0;
				PRODUCT_BUNDLE_IDENTIFIER = "test.test-pTests";
				PRODUCT_NAME = "$(TARGET_NAME)";
				SWIFT_EMIT_LOC_STRINGS = NO;
				SWIFT_VERSION = 5.0;
				TARGETED_DEVICE_FAMILY = "1,2";
				TEST_HOST = "$(BUILT_PRODUCTS_DIR)/test-p.app/$(BUNDLE_EXECUTABLE_FOLDER_PATH)/test-p";
			};
			name = Release;
		};
		60A0F20F290EBDA900CAFC6B /* Debug */ = {
			isa = XCBuildConfiguration;
			baseConfigurationReference = 0CB54A56B975BB32301F15DD /* Pods-test-p-test-pUITests.debug.xcconfig */;
			buildSettings = {
				ALWAYS_EMBED_SWIFT_STANDARD_LIBRARIES = YES;
				CODE_SIGN_STYLE = Automatic;
				CURRENT_PROJECT_VERSION = 1;
				GENERATE_INFOPLIST_FILE = YES;
				MARKETING_VERSION = 1.0;
				PRODUCT_BUNDLE_IDENTIFIER = "test.test-pUITests";
				PRODUCT_NAME = "$(TARGET_NAME)";
				SWIFT_EMIT_LOC_STRINGS = NO;
				SWIFT_VERSION = 5.0;
				TARGETED_DEVICE_FAMILY = "1,2";
				TEST_TARGET_NAME = "test-p";
			};
			name = Debug;
		};
		60A0F210290EBDA900CAFC6B /* Release */ = {
			isa = XCBuildConfiguration;
			baseConfigurationReference = 57283EE9F30CF153DA01146D /* Pods-test-p-test-pUITests.release.xcconfig */;
			buildSettings = {
				ALWAYS_EMBED_SWIFT_STANDARD_LIBRARIES = YES;
				CODE_SIGN_STYLE = Automatic;
				CURRENT_PROJECT_VERSION = 1;
				GENERATE_INFOPLIST_FILE = YES;
				MARKETING_VERSION = 1.0;
				PRODUCT_BUNDLE_IDENTIFIER = "test.test-pUITests";
				PRODUCT_NAME = "$(TARGET_NAME)";
				SWIFT_EMIT_LOC_STRINGS = NO;
				SWIFT_VERSION = 5.0;
				TARGETED_DEVICE_FAMILY = "1,2";
				TEST_TARGET_NAME = "test-p";
			};
			name = Release;
		};
/* End XCBuildConfiguration section */

/* Begin XCConfigurationList section */
		60A0F1D9290EBDA600CAFC6B /* Build configuration list for PBXProject "test-p" */ = {
			isa = XCConfigurationList;
			buildConfigurations = (
				60A0F206290EBDA900CAFC6B /* Debug */,
				60A0F207290EBDA900CAFC6B /* Release */,
			);
			defaultConfigurationIsVisible = 0;
			defaultConfigurationName = Release;
		};
		60A0F208290EBDA900CAFC6B /* Build configuration list for PBXNativeTarget "test-p" */ = {
			isa = XCConfigurationList;
			buildConfigurations = (
				60A0F209290EBDA900CAFC6B /* Debug */,
				60A0F20A290EBDA900CAFC6B /* Release */,
			);
			defaultConfigurationIsVisible = 0;
			defaultConfigurationName = Release;
		};
		60A0F20B290EBDA900CAFC6B /* Build configuration list for PBXNativeTarget "test-pTests" */ = {
			isa = XCConfigurationList;
			buildConfigurations = (
				60A0F20C290EBDA900CAFC6B /* Debug */,
				60A0F20D290EBDA900CAFC6B /* Release */,
			);
			defaultConfigurationIsVisible = 0;
			defaultConfigurationName = Release;
		};
		60A0F20E290EBDA900CAFC6B /* Build configuration list for PBXNativeTarget "test-pUITests" */ = {
			isa = XCConfigurationList;
			buildConfigurations = (
				60A0F20F290EBDA900CAFC6B /* Debug */,
				60A0F210290EBDA900CAFC6B /* Release */,
			);
			defaultConfigurationIsVisible = 0;
			defaultConfigurationName = Release;
		};
/* End XCConfigurationList section */
	};
	rootObject = 60A0F1D6290EBDA600CAFC6B /* Project object */;
}
